
Microsoft Visual Studio Solution File, Format Version 12.00
# Visual Studio Version 16
VisualStudioVersion = 16.0.29920.165
MinimumVisualStudioVersion = 10.0.40219.1
Project("{930C7802-8A8C-48F9-8165-68863BCCD9DD}") = "PDFKeeper.Setup", "PDFKeeper.Setup\PDFKeeper.Setup.wixproj", "{97756C6A-853A-4CBA-8507-D33B20B6DD07}"
	ProjectSection(ProjectDependencies) = postProject
		{089191ED-733F-48CA-9F6E-086854A3EB10} = {089191ED-733F-48CA-9F6E-086854A3EB10}
	EndProjectSection
EndProject
Project("{FAE04EC0-301F-11D3-BF4B-00C04F79EFBC}") = "PDFKeeper.Core", "PDFKeeper.Core\PDFKeeper.Core.csproj", "{2F3D6A07-A88A-4B91-A28D-3CCECC3486F9}"
EndProject
Project("{FAE04EC0-301F-11D3-BF4B-00C04F79EFBC}") = "PDFKeeper.PDFViewer", "PDFKeeper.PDFViewer\PDFKeeper.PDFViewer.csproj", "{854466DF-9FFD-41AD-B22B-6E4DBDD37013}"
EndProject
Project("{FAE04EC0-301F-11D3-BF4B-00C04F79EFBC}") = "PDFKeeper.WinForms", "PDFKeeper.WinForms\PDFKeeper.WinForms.csproj", "{089191ED-733F-48CA-9F6E-086854A3EB10}"
EndProject
Global
	GlobalSection(SolutionConfigurationPlatforms) = preSolution
		Debug|Any CPU = Debug|Any CPU
		Release|Any CPU = Release|Any CPU
	EndGlobalSection
	GlobalSection(ProjectConfigurationPlatforms) = postSolution
		{97756C6A-853A-4CBA-8507-D33B20B6DD07}.Debug|Any CPU.ActiveCfg = Debug|x64
		{97756C6A-853A-4CBA-8507-D33B20B6DD07}.Debug|Any CPU.Build.0 = Debug|x64
		{97756C6A-853A-4CBA-8507-D33B20B6DD07}.Release|Any CPU.ActiveCfg = Release|x64
		{97756C6A-853A-4CBA-8507-D33B20B6DD07}.Release|Any CPU.Build.0 = Release|x64
		{2F3D6A07-A88A-4B91-A28D-3CCECC3486F9}.Debug|Any CPU.ActiveCfg = Debug|Any CPU
		{2F3D6A07-A88A-4B91-A28D-3CCECC3486F9}.Debug|Any CPU.Build.0 = Debug|Any CPU
		{2F3D6A07-A88A-4B91-A28D-3CCECC3486F9}.Release|Any CPU.ActiveCfg = Release|Any CPU
		{2F3D6A07-A88A-4B91-A28D-3CCECC3486F9}.Release|Any CPU.Build.0 = Release|Any CPU
		{854466DF-9FFD-41AD-B22B-6E4DBDD37013}.Debug|Any CPU.ActiveCfg = Debug|Any CPU
		{854466DF-9FFD-41AD-B22B-6E4DBDD37013}.Debug|Any CPU.Build.0 = Debug|Any CPU
		{854466DF-9FFD-41AD-B22B-6E4DBDD37013}.Release|Any CPU.ActiveCfg = Release|Any CPU
		{854466DF-9FFD-41AD-B22B-6E4DBDD37013}.Release|Any CPU.Build.0 = Release|Any CPU
		{089191ED-733F-48CA-9F6E-086854A3EB10}.Debug|Any CPU.ActiveCfg = Debug|Any CPU
		{089191ED-733F-48CA-9F6E-086854A3EB10}.Debug|Any CPU.Build.0 = Debug|Any CPU
		{089191ED-733F-48CA-9F6E-086854A3EB10}.Release|Any CPU.ActiveCfg = Release|Any CPU
		{089191ED-733F-48CA-9F6E-086854A3EB10}.Release|Any CPU.Build.0 = Release|Any CPU
	EndGlobalSection
	GlobalSection(SolutionProperties) = preSolution
		HideSolutionNode = FALSE
	EndGlobalSection
	GlobalSection(ExtensibilityGlobals) = postSolution
		SolutionGuid = {26159535-6485-45EF-9B5C-2CBE8F874849}
	EndGlobalSection
EndGlobal
