
Microsoft Visual Studio Solution File, Format Version 12.00
# Visual Studio 2013
VisualStudioVersion = 12.0.31101.0
MinimumVisualStudioVersion = 10.0.40219.1
Project("{F184B08F-C81C-45F6-A57F-5ABD9991F28F}") = "PDFKeeper.Application", "PDFKeeper.Application\PDFKeeper.Application.vbproj", "{4D39F521-BABC-4086-AC17-86B114BD31BC}"
EndProject
Project("{930C7802-8A8C-48F9-8165-68863BCCD9DD}") = "PDFKeeper.Setup", "PDFKeeper.Setup\PDFKeeper.Setup.wixproj", "{E6D3651A-64D1-4A65-9428-C81B483A2242}"
EndProject
Global
	GlobalSection(SolutionConfigurationPlatforms) = preSolution
		Debug|x86 = Debug|x86
		Release|x86 = Release|x86
	EndGlobalSection
	GlobalSection(ProjectConfigurationPlatforms) = postSolution
		{4D39F521-BABC-4086-AC17-86B114BD31BC}.Debug|x86.ActiveCfg = Debug|x86
		{4D39F521-BABC-4086-AC17-86B114BD31BC}.Debug|x86.Build.0 = Debug|x86
		{4D39F521-BABC-4086-AC17-86B114BD31BC}.Release|x86.ActiveCfg = Release|x86
		{4D39F521-BABC-4086-AC17-86B114BD31BC}.Release|x86.Build.0 = Release|x86
		{E6D3651A-64D1-4A65-9428-C81B483A2242}.Debug|x86.ActiveCfg = Debug|x86
		{E6D3651A-64D1-4A65-9428-C81B483A2242}.Debug|x86.Build.0 = Debug|x86
		{E6D3651A-64D1-4A65-9428-C81B483A2242}.Release|x86.ActiveCfg = Release|x86
		{E6D3651A-64D1-4A65-9428-C81B483A2242}.Release|x86.Build.0 = Release|x86
	EndGlobalSection
	GlobalSection(SolutionProperties) = preSolution
		HideSolutionNode = FALSE
	EndGlobalSection
EndGlobal
